
Microsoft Visual Studio Solution File, Format Version 12.00
# Visual Studio 2012
Project("{FAE04EC0-301F-11D3-BF4B-00C04F79EFBC}") = "TryTry", "TryTry\TryTry.csproj", "{9ADC0C5C-0341-49AB-B734-5F10C4DF2252}"
EndProject
Project("{FAE04EC0-301F-11D3-BF4B-00C04F79EFBC}") = "TryTry.iOS", "iOS\TryTry.iOS.csproj", "{096E7693-C630-49A6-A6F0-C45D9EFBF81B}"
EndProject
Project("{FAE04EC0-301F-11D3-BF4B-00C04F79EFBC}") = "TryTry.Droid", "Droid\TryTry.Droid.csproj", "{E70F96F6-526A-4A42-9444-38BC752F2956}"
EndProject
Global
	GlobalSection(SolutionConfigurationPlatforms) = preSolution
		Debug|Any CPU = Debug|Any CPU
		Release|Any CPU = Release|Any CPU
		Debug|iPhoneSimulator = Debug|iPhoneSimulator
		Release|iPhone = Release|iPhone
		Release|iPhoneSimulator = Release|iPhoneSimulator
		Debug|iPhone = Debug|iPhone
	EndGlobalSection
	GlobalSection(ProjectConfigurationPlatforms) = postSolution
		{9ADC0C5C-0341-49AB-B734-5F10C4DF2252}.Debug|Any CPU.ActiveCfg = Debug|Any CPU
		{9ADC0C5C-0341-49AB-B734-5F10C4DF2252}.Debug|Any CPU.Build.0 = Debug|Any CPU
		{9ADC0C5C-0341-49AB-B734-5F10C4DF2252}.Release|Any CPU.ActiveCfg = Release|Any CPU
		{9ADC0C5C-0341-49AB-B734-5F10C4DF2252}.Release|Any CPU.Build.0 = Release|Any CPU
		{9ADC0C5C-0341-49AB-B734-5F10C4DF2252}.Debug|iPhoneSimulator.ActiveCfg = Debug|Any CPU
		{9ADC0C5C-0341-49AB-B734-5F10C4DF2252}.Debug|iPhoneSimulator.Build.0 = Debug|Any CPU
		{9ADC0C5C-0341-49AB-B734-5F10C4DF2252}.Release|iPhone.ActiveCfg = Release|Any CPU
		{9ADC0C5C-0341-49AB-B734-5F10C4DF2252}.Release|iPhone.Build.0 = Release|Any CPU
		{9ADC0C5C-0341-49AB-B734-5F10C4DF2252}.Release|iPhoneSimulator.ActiveCfg = Release|Any CPU
		{9ADC0C5C-0341-49AB-B734-5F10C4DF2252}.Release|iPhoneSimulator.Build.0 = Release|Any CPU
		{9ADC0C5C-0341-49AB-B734-5F10C4DF2252}.Debug|iPhone.ActiveCfg = Debug|Any CPU
		{9ADC0C5C-0341-49AB-B734-5F10C4DF2252}.Debug|iPhone.Build.0 = Debug|Any CPU
		{096E7693-C630-49A6-A6F0-C45D9EFBF81B}.Debug|Any CPU.ActiveCfg = Debug|iPhoneSimulator
		{096E7693-C630-49A6-A6F0-C45D9EFBF81B}.Debug|Any CPU.Build.0 = Debug|iPhoneSimulator
		{096E7693-C630-49A6-A6F0-C45D9EFBF81B}.Release|Any CPU.ActiveCfg = Release|iPhone
		{096E7693-C630-49A6-A6F0-C45D9EFBF81B}.Release|Any CPU.Build.0 = Release|iPhone
		{096E7693-C630-49A6-A6F0-C45D9EFBF81B}.Debug|iPhoneSimulator.ActiveCfg = Debug|iPhoneSimulator
		{096E7693-C630-49A6-A6F0-C45D9EFBF81B}.Debug|iPhoneSimulator.Build.0 = Debug|iPhoneSimulator
		{096E7693-C630-49A6-A6F0-C45D9EFBF81B}.Release|iPhone.ActiveCfg = Release|iPhone
		{096E7693-C630-49A6-A6F0-C45D9EFBF81B}.Release|iPhone.Build.0 = Release|iPhone
		{096E7693-C630-49A6-A6F0-C45D9EFBF81B}.Release|iPhoneSimulator.ActiveCfg = Release|iPhoneSimulator
		{096E7693-C630-49A6-A6F0-C45D9EFBF81B}.Release|iPhoneSimulator.Build.0 = Release|iPhoneSimulator
		{096E7693-C630-49A6-A6F0-C45D9EFBF81B}.Debug|iPhone.ActiveCfg = Debug|iPhone
		{096E7693-C630-49A6-A6F0-C45D9EFBF81B}.Debug|iPhone.Build.0 = Debug|iPhone
		{E70F96F6-526A-4A42-9444-38BC752F2956}.Debug|Any CPU.ActiveCfg = Debug|Any CPU
		{E70F96F6-526A-4A42-9444-38BC752F2956}.Debug|Any CPU.Build.0 = Debug|Any CPU
		{E70F96F6-526A-4A42-9444-38BC752F2956}.Release|Any CPU.ActiveCfg = Release|Any CPU
		{E70F96F6-526A-4A42-9444-38BC752F2956}.Release|Any CPU.Build.0 = Release|Any CPU
		{E70F96F6-526A-4A42-9444-38BC752F2956}.Debug|iPhoneSimulator.ActiveCfg = Debug|Any CPU
		{E70F96F6-526A-4A42-9444-38BC752F2956}.Debug|iPhoneSimulator.Build.0 = Debug|Any CPU
		{E70F96F6-526A-4A42-9444-38BC752F2956}.Release|iPhone.ActiveCfg = Release|Any CPU
		{E70F96F6-526A-4A42-9444-38BC752F2956}.Release|iPhone.Build.0 = Release|Any CPU
		{E70F96F6-526A-4A42-9444-38BC752F2956}.Release|iPhoneSimulator.ActiveCfg = Release|Any CPU
		{E70F96F6-526A-4A42-9444-38BC752F2956}.Release|iPhoneSimulator.Build.0 = Release|Any CPU
		{E70F96F6-526A-4A42-9444-38BC752F2956}.Debug|iPhone.ActiveCfg = Debug|Any CPU
		{E70F96F6-526A-4A42-9444-38BC752F2956}.Debug|iPhone.Build.0 = Debug|Any CPU
	EndGlobalSection
EndGlobal
